// !$*UTF8*$!
{
	archiveVersion = 1;
	classes = {
	};
	objectVersion = 56;
	objects = {

/* Begin PBXBuildFile section */
		A100000129B1234500000001 /* iOSApp.swift in Sources */ = {isa = PBXBuildFile; fileRef = B100000129B1234500000001 /* iOSApp.swift */; };
		A100000229B1234500000002 /* ContentView.swift in Sources */ = {isa = PBXBuildFile; fileRef = B100000229B1234500000002 /* ContentView.swift */; };
		A100000329B1234500000003 /* ComposeApp.framework in Frameworks */ = {isa = PBXBuildFile; fileRef = B100000329B1234500000003 /* ComposeApp.framework */; };
/* End PBXBuildFile section */

/* Begin PBXFileReference section */
		B100000029B1234500000000 /* iosApp.app */ = {isa = PBXFileReference; explicitFileType = wrapper.application; includeInIndex = 0; path = iosApp.app; sourceTree = BUILT_PRODUCTS_DIR; };
		B100000129B1234500000001 /* iOSApp.swift */ = {isa = PBXFileReference; lastKnownFileType = sourcecode.swift; path = iOSApp.swift; sourceTree = "<group>"; };
		B100000229B1234500000002 /* ContentView.swift */ = {isa = PBXFileReference; lastKnownFileType = sourcecode.swift; path = ContentView.swift; sourceTree = "<group>"; };
		B100000329B1234500000003 /* ComposeApp.framework */ = {isa = PBXFileReference; lastKnownFileType = wrapper.framework; name = ComposeApp.framework; path = "../app/build/xcode-frameworks/Debug/iphonesimulator/ComposeApp.framework"; sourceTree = "<group>"; };
		B100000429B1234500000004 /* Info.plist */ = {isa = PBXFileReference; lastKnownFileType = text.plist.xml; path = Info.plist; sourceTree = "<group>"; };
/* End PBXFileReference section */

/* Begin PBXFrameworksBuildPhase section */
		C100000129B1234500000001 /* Frameworks */ = {
			isa = PBXFrameworksBuildPhase;
			buildActionMask = 2147483647;
			files = (
				A100000329B1234500000003 /* ComposeApp.framework in Frameworks */,
			);
			runOnlyForDeploymentPostprocessing = 0;
		};
/* End PBXFrameworksBuildPhase section */

/* Begin PBXGroup section */
		D100000029B1234500000000 = {
			isa = PBXGroup;
			children = (
				D100000129B1234500000001 /* iosApp */,
				D100000229B1234500000002 /* Frameworks */,
				D100000329B1234500000003 /* Products */,
			);
			sourceTree = "<group>";
		};
		D100000129B1234500000001 /* iosApp */ = {
			isa = PBXGroup;
			children = (
				B100000129B1234500000001 /* iOSApp.swift */,
				B100000229B1234500000002 /* ContentView.swift */,
				B100000429B1234500000004 /* Info.plist */,
			);
			path = iosApp;
			sourceTree = "<group>";
		};
		D100000229B1234500000002 /* Frameworks */ = {
			isa = PBXGroup;
			children = (
				B100000329B1234500000003 /* ComposeApp.framework */,
			);
			name = Frameworks;
			sourceTree = "<group>";
		};
		D100000329B1234500000003 /* Products */ = {
			isa = PBXGroup;
			children = (
				B100000029B1234500000000 /* iosApp.app */,
			);
			name = Products;
			sourceTree = "<group>";
		};
/* End PBXGroup section */

/* Begin PBXNativeTarget section */
		E100000029B1234500000000 /* iosApp */ = {
			isa = PBXNativeTarget;
			buildConfigurationList = F100000129B1234500000001 /* Build configuration list for PBXNativeTarget "iosApp" */;
			buildPhases = (
				C100000029B1234500000000 /* Embed & Sign Kotlin Framework */,
				C100000229B1234500000002 /* Sources */,
				C100000129B1234500000001 /* Frameworks */,
				C100000329B1234500000003 /* Resources */,
			);
			buildRules = (
			);
			dependencies = (
			);
			name = iosApp;
			productName = iosApp;
			productReference = B100000029B1234500000000 /* iosApp.app */;
			productType = "com.apple.product-type.application";
		};
/* End PBXNativeTarget section */

/* Begin PBXProject section */
		080E96DDFE201D6D7F000001 /* Project object */ = {
			isa = PBXProject;
			attributes = {
				BuildIndependentTargetsInParallel = 1;
				LastUpgradeCheck = 1540;
				TargetAttributes = {
					E100000029B1234500000000 = {
						CreatedOnToolsVersion = 15.4;
					};
				};
			};
			buildConfigurationList = F100000029B1234500000000 /* Build configuration list for PBXProject "iosApp" */;
			compatibilityVersion = "Xcode 14.0";
			developmentRegion = en;
			hasScannedForEncodings = 0;
			knownRegions = (
				en,
				Base,
			);
			mainGroup = D100000029B1234500000000;
			productRefGroup = D100000329B1234500000003 /* Products */;
			projectDirPath = "";
			projectRoot = "";
			targets = (
				E100000029B1234500000000 /* iosApp */,
			);
		};
/* End PBXProject section */

/* Begin PBXResourcesBuildPhase section */
		C100000329B1234500000003 /* Resources */ = {
			isa = PBXResourcesBuildPhase;
			buildActionMask = 2147483647;
			files = (
			);
			runOnlyForDeploymentPostprocessing = 0;
		};
/* End PBXResourcesBuildPhase section */

/* Begin PBXShellScriptBuildPhase section */
		C100000029B1234500000000 /* Embed & Sign Kotlin Framework */ = {
			isa = PBXShellScriptBuildPhase;
			alwaysOutOfDate = 1;
			buildActionMask = 2147483647;
			files = (
			);
			inputFileListPaths = (
			);
			inputPaths = (
			);
			name = "Embed & Sign Kotlin Framework";
			outputFileListPaths = (
			);
			outputPaths = (
			);
			runOnlyForDeploymentPostprocessing = 0;
			shellPath = /bin/sh;
			shellScript = "cd \"$SRCROOT/..\"\n./gradlew :app:embedAndSignAppleFrameworkForXcode\n";
		};
/* End PBXShellScriptBuildPhase section */

/* Begin PBXSourcesBuildPhase section */
		C100000229B1234500000002 /* Sources */ = {
			isa = PBXSourcesBuildPhase;
			buildActionMask = 2147483647;
			files = (
				A100000129B1234500000001 /* iOSApp.swift in Sources */,
				A100000229B1234500000002 /* ContentView.swift in Sources */,
			);
			runOnlyForDeploymentPostprocessing = 0;
		};
/* End PBXSourcesBuildPhase section */

/* Begin XCBuildConfiguration section */
		G100000029B1234500000000 /* Debug */ = {
			isa = XCBuildConfiguration;
			buildSettings = {
				ALWAYS_SEARCH_USER_PATHS = NO;
				CLANG_ANALYZER_NONNULL = YES;
				CLANG_CXX_LANGUAGE_STANDARD = "gnu++20";
				CLANG_ENABLE_MODULES = YES;
				CLANG_ENABLE_OBJC_ARC = YES;
				ENABLE_TESTABILITY = YES;
				GCC_DYNAMIC_NO_PIC = NO;
				GCC_OPTIMIZATION_LEVEL = 0;
				GCC_PREPROCESSOR_DEFINITIONS = (
					"DEBUG=1",
					"$(inherited)",
				);
				IPHONEOS_DEPLOYMENT_TARGET = 15.0;
				MTL_ENABLE_DEBUG_INFO = INCLUDE_SOURCE;
				ONLY_ACTIVE_ARCH = YES;
				SDKROOT = iphoneos;
				SWIFT_OPTIMIZATION_LEVEL = "-Onone";
			};
			name = Debug;
		};
		G100000129B1234500000001 /* Release */ = {
			isa = XCBuildConfiguration;
			buildSettings = {
				ALWAYS_SEARCH_USER_PATHS = NO;
				CLANG_ANALYZER_NONNULL = YES;
				CLANG_CXX_LANGUAGE_STANDARD = "gnu++20";
				CLANG_ENABLE_MODULES = YES;
				CLANG_ENABLE_OBJC_ARC = YES;
				ENABLE_NS_ASSERTIONS = NO;
				IPHONEOS_DEPLOYMENT_TARGET = 15.0;
				MTL_ENABLE_DEBUG_INFO = NO;
				SDKROOT = iphoneos;
				SWIFT_COMPILATION_MODE = wholemodule;
				SWIFT_OPTIMIZATION_LEVEL = "-O";
			};
			name = Release;
		};
		G100000229B1234500000002 /* Debug */ = {
			isa = XCBuildConfiguration;
			buildSettings = {
				ASSETCATALOG_COMPILER_APPICON_NAME = AppIcon;
				CODE_SIGN_STYLE = Automatic;
				CURRENT_PROJECT_VERSION = 1;
				ENABLE_PREVIEWS = YES;
				FRAMEWORK_SEARCH_PATHS = (
					"$(inherited)",
					"\"$(SRCROOT)/../app/build/xcode-frameworks/**\"",
					"\"$(SRCROOT)/../app/build/xcode-frameworks/$(CONFIGURATION)/$(SDK_NAME)\"",
					"\"$(SRCROOT)/../app/build/xcode-frameworks/$(CONFIGURATION)/iphonesimulator\"",
					"\"$(SRCROOT)/../app/build/xcode-frameworks/$(CONFIGURATION)\"",
					"\"$(SRCROOT)/../app/build/bin/iosSimulatorArm64/debugFramework\"",
					"\"$(SRCROOT)/../app/build/bin/iosArm64/debugFramework\"",
				);
				GENERATE_INFOPLIST_FILE = NO;
				INFOPLIST_FILE = iosApp/Info.plist;
				LD_RUNPATH_SEARCH_PATHS = (
					"$(inherited)",
					"@executable_path/Frameworks",
				);
				MARKETING_VERSION = 1.0;
				OTHER_LDFLAGS = (
					"$(inherited)",
					"-framework",
					"ComposeApp",
				);
				PRODUCT_BUNDLE_IDENTIFIER = com.aistudio.spacedodger.iosApp;
				PRODUCT_NAME = "$(TARGET_NAME)";
				SWIFT_EMIT_LOC_STRINGS = YES;
				SWIFT_VERSION = 5.0;
				TARGETED_DEVICE_FAMILY = "1,2";
			};
			name = Debug;
		};
		G100000329B1234500000003 /* Release */ = {
			isa = XCBuildConfiguration;
			buildSettings = {
				ASSETCATALOG_COMPILER_APPICON_NAME = AppIcon;
				CODE_SIGN_STYLE = Automatic;
				CURRENT_PROJECT_VERSION = 1;
				ENABLE_PREVIEWS = YES;
				FRAMEWORK_SEARCH_PATHS = (
					"$(inherited)",
					"\"$(SRCROOT)/../app/build/xcode-frameworks/**\"",
					"\"$(SRCROOT)/../app/build/xcode-frameworks/$(CONFIGURATION)/$(SDK_NAME)\"",
					"\"$(SRCROOT)/../app/build/xcode-frameworks/$(CONFIGURATION)/iphonesimulator\"",
					"\"$(SRCROOT)/../app/build/xcode-frameworks/$(CONFIGURATION)\"",
					"\"$(SRCROOT)/../app/build/bin/iosSimulatorArm64/releaseFramework\"",
					"\"$(SRCROOT)/../app/build/bin/iosArm64/releaseFramework\"",
				);
				GENERATE_INFOPLIST_FILE = NO;
				INFOPLIST_FILE = iosApp/Info.plist;
				LD_RUNPATH_SEARCH_PATHS = (
					"$(inherited)",
					"@executable_path/Frameworks",
				);
				MARKETING_VERSION = 1.0;
				OTHER_LDFLAGS = (
					"$(inherited)",
					"-framework",
					"ComposeApp",
				);
				PRODUCT_BUNDLE_IDENTIFIER = com.aistudio.spacedodger.iosApp;
				PRODUCT_NAME = "$(TARGET_NAME)";
				SWIFT_EMIT_LOC_STRINGS = YES;
				SWIFT_VERSION = 5.0;
				TARGETED_DEVICE_FAMILY = "1,2";
			};
			name = Release;
		};
/* End XCBuildConfiguration section */

/* Begin XCConfigurationList section */
		F100000029B1234500000000 /* Build configuration list for PBXProject "iosApp" */ = {
			isa = XCConfigurationList;
			buildConfigurations = (
				G100000029B1234500000000 /* Debug */,
				G100000129B1234500000001 /* Release */,
			);
			defaultConfigurationIsVisible = 0;
			defaultConfigurationName = Release;
		};
		F100000129B1234500000001 /* Build configuration list for PBXNativeTarget "iosApp" */ = {
			isa = XCConfigurationList;
			buildConfigurations = (
				G100000229B1234500000002 /* Debug */,
				G100000329B1234500000003 /* Release */,
			);
			defaultConfigurationIsVisible = 0;
			defaultConfigurationName = Release;
		};
/* End XCConfigurationList section */

	};
	rootObject = 080E96DDFE201D6D7F000001 /* Project object */;
}
